
Microsoft Visual Studio Solution File, Format Version 12.00
# Visual Studio Version 16
VisualStudioVersion = 16.0.31624.102
MinimumVisualStudioVersion = 10.0.40219.1
Project("{FAE04EC0-301F-11D3-BF4B-00C04F79EFBC}") = "Calculator", "Calculator\Calculator.csproj", "{6E9D71B4-01E3-4EB0-91EA-2F8E939BF99B}"
EndProject
Global
	GlobalSection(SolutionConfigurationPlatforms) = preSolution
		Debug|Any CPU = Debug|Any CPU
		Release|Any CPU = Release|Any CPU
	EndGlobalSection
	GlobalSection(ProjectConfigurationPlatforms) = postSolution
		{6E9D71B4-01E3-4EB0-91EA-2F8E939BF99B}.Debug|Any CPU.ActiveCfg = Debug|Any CPU
		{6E9D71B4-01E3-4EB0-91EA-2F8E939BF99B}.Debug|Any CPU.Build.0 = Debug|Any CPU
		{6E9D71B4-01E3-4EB0-91EA-2F8E939BF99B}.Release|Any CPU.ActiveCfg = Release|Any CPU
		{6E9D71B4-01E3-4EB0-91EA-2F8E939BF99B}.Release|Any CPU.Build.0 = Release|Any CPU
	EndGlobalSection
	GlobalSection(SolutionProperties) = preSolution
		HideSolutionNode = FALSE
	EndGlobalSection
	GlobalSection(ExtensibilityGlobals) = postSolution
		SolutionGuid = {B8AC09D7-BB53-4E40-AB40-A83638B339AF}
	EndGlobalSection
EndGlobal
